
Microsoft Visual Studio Solution File, Format Version 12.00
# Visual Studio Version 16
VisualStudioVersion = 16.0.29102.190
MinimumVisualStudioVersion = 10.0.40219.1
Project("{8BC9CEB8-8B4A-11D0-8D11-00A0C91BC942}") = "Project2_7_最大公约数最小公倍数", "Project2_7_最大公约数最小公倍数.vcxproj", "{F74A5E46-DE20-4066-8CF6-082DFB903E8B}"
EndProject
Global
	GlobalSection(SolutionConfigurationPlatforms) = preSolution
		Debug|x64 = Debug|x64
		Debug|x86 = Debug|x86
		Release|x64 = Release|x64
		Release|x86 = Release|x86
	EndGlobalSection
	GlobalSection(ProjectConfigurationPlatforms) = postSolution
		{F74A5E46-DE20-4066-8CF6-082DFB903E8B}.Debug|x64.ActiveCfg = Debug|x64
		{F74A5E46-DE20-4066-8CF6-082DFB903E8B}.Debug|x64.Build.0 = Debug|x64
		{F74A5E46-DE20-4066-8CF6-082DFB903E8B}.Debug|x86.ActiveCfg = Debug|Win32
		{F74A5E46-DE20-4066-8CF6-082DFB903E8B}.Debug|x86.Build.0 = Debug|Win32
		{F74A5E46-DE20-4066-8CF6-082DFB903E8B}.Release|x64.ActiveCfg = Release|x64
		{F74A5E46-DE20-4066-8CF6-082DFB903E8B}.Release|x64.Build.0 = Release|x64
		{F74A5E46-DE20-4066-8CF6-082DFB903E8B}.Release|x86.ActiveCfg = Release|Win32
		{F74A5E46-DE20-4066-8CF6-082DFB903E8B}.Release|x86.Build.0 = Release|Win32
	EndGlobalSection
	GlobalSection(SolutionProperties) = preSolution
		HideSolutionNode = FALSE
	EndGlobalSection
	GlobalSection(ExtensibilityGlobals) = postSolution
		SolutionGuid = {FCC4B1EB-993A-4C8F-8AEA-CF67CBF7CF82}
	EndGlobalSection
EndGlobal
