
Microsoft Visual Studio Solution File, Format Version 12.00
# Visual Studio Version 16
VisualStudioVersion = 16.0.29318.209
MinimumVisualStudioVersion = 10.0.40219.1
Project("{8BC9CEB8-8B4A-11D0-8D11-00A0C91BC942}") = "Project17", "Project17.vcxproj", "{3FB360B9-75D3-4329-BBA5-57D05091D510}"
EndProject
Global
	GlobalSection(SolutionConfigurationPlatforms) = preSolution
		Debug|x64 = Debug|x64
		Debug|x86 = Debug|x86
		Release|x64 = Release|x64
		Release|x86 = Release|x86
	EndGlobalSection
	GlobalSection(ProjectConfigurationPlatforms) = postSolution
		{3FB360B9-75D3-4329-BBA5-57D05091D510}.Debug|x64.ActiveCfg = Debug|x64
		{3FB360B9-75D3-4329-BBA5-57D05091D510}.Debug|x64.Build.0 = Debug|x64
		{3FB360B9-75D3-4329-BBA5-57D05091D510}.Debug|x86.ActiveCfg = Debug|Win32
		{3FB360B9-75D3-4329-BBA5-57D05091D510}.Debug|x86.Build.0 = Debug|Win32
		{3FB360B9-75D3-4329-BBA5-57D05091D510}.Release|x64.ActiveCfg = Release|x64
		{3FB360B9-75D3-4329-BBA5-57D05091D510}.Release|x64.Build.0 = Release|x64
		{3FB360B9-75D3-4329-BBA5-57D05091D510}.Release|x86.ActiveCfg = Release|Win32
		{3FB360B9-75D3-4329-BBA5-57D05091D510}.Release|x86.Build.0 = Release|Win32
	EndGlobalSection
	GlobalSection(SolutionProperties) = preSolution
		HideSolutionNode = FALSE
	EndGlobalSection
	GlobalSection(ExtensibilityGlobals) = postSolution
		SolutionGuid = {EB690992-4FF2-4FD7-9F47-71182CF0B7FA}
	EndGlobalSection
EndGlobal
