
Microsoft Visual Studio Solution File, Format Version 12.00
# Visual Studio Version 16
VisualStudioVersion = 16.0.29318.209
MinimumVisualStudioVersion = 10.0.40219.1
Project("{8BC9CEB8-8B4A-11D0-8D11-00A0C91BC942}") = "Project28", "Project28.vcxproj", "{635FD728-61FC-483D-8A94-9BC15E9D57AE}"
EndProject
Global
	GlobalSection(SolutionConfigurationPlatforms) = preSolution
		Debug|x64 = Debug|x64
		Debug|x86 = Debug|x86
		Release|x64 = Release|x64
		Release|x86 = Release|x86
	EndGlobalSection
	GlobalSection(ProjectConfigurationPlatforms) = postSolution
		{635FD728-61FC-483D-8A94-9BC15E9D57AE}.Debug|x64.ActiveCfg = Debug|x64
		{635FD728-61FC-483D-8A94-9BC15E9D57AE}.Debug|x64.Build.0 = Debug|x64
		{635FD728-61FC-483D-8A94-9BC15E9D57AE}.Debug|x86.ActiveCfg = Debug|Win32
		{635FD728-61FC-483D-8A94-9BC15E9D57AE}.Debug|x86.Build.0 = Debug|Win32
		{635FD728-61FC-483D-8A94-9BC15E9D57AE}.Release|x64.ActiveCfg = Release|x64
		{635FD728-61FC-483D-8A94-9BC15E9D57AE}.Release|x64.Build.0 = Release|x64
		{635FD728-61FC-483D-8A94-9BC15E9D57AE}.Release|x86.ActiveCfg = Release|Win32
		{635FD728-61FC-483D-8A94-9BC15E9D57AE}.Release|x86.Build.0 = Release|Win32
	EndGlobalSection
	GlobalSection(SolutionProperties) = preSolution
		HideSolutionNode = FALSE
	EndGlobalSection
	GlobalSection(ExtensibilityGlobals) = postSolution
		SolutionGuid = {09184B25-464B-4DF1-AE43-1EACC63D85F9}
	EndGlobalSection
EndGlobal
