
Microsoft Visual Studio Solution File, Format Version 12.00
# Visual Studio Version 16
VisualStudioVersion = 16.0.29102.190
MinimumVisualStudioVersion = 10.0.40219.1
Project("{8BC9CEB8-8B4A-11D0-8D11-00A0C91BC942}") = "Project2_2_最大值函数重载", "Project2_2_最大值函数重载.vcxproj", "{3442A30C-8D37-40CF-9261-69A132DF7E50}"
EndProject
Global
	GlobalSection(SolutionConfigurationPlatforms) = preSolution
		Debug|x64 = Debug|x64
		Debug|x86 = Debug|x86
		Release|x64 = Release|x64
		Release|x86 = Release|x86
	EndGlobalSection
	GlobalSection(ProjectConfigurationPlatforms) = postSolution
		{3442A30C-8D37-40CF-9261-69A132DF7E50}.Debug|x64.ActiveCfg = Debug|x64
		{3442A30C-8D37-40CF-9261-69A132DF7E50}.Debug|x64.Build.0 = Debug|x64
		{3442A30C-8D37-40CF-9261-69A132DF7E50}.Debug|x86.ActiveCfg = Debug|Win32
		{3442A30C-8D37-40CF-9261-69A132DF7E50}.Debug|x86.Build.0 = Debug|Win32
		{3442A30C-8D37-40CF-9261-69A132DF7E50}.Release|x64.ActiveCfg = Release|x64
		{3442A30C-8D37-40CF-9261-69A132DF7E50}.Release|x64.Build.0 = Release|x64
		{3442A30C-8D37-40CF-9261-69A132DF7E50}.Release|x86.ActiveCfg = Release|Win32
		{3442A30C-8D37-40CF-9261-69A132DF7E50}.Release|x86.Build.0 = Release|Win32
	EndGlobalSection
	GlobalSection(SolutionProperties) = preSolution
		HideSolutionNode = FALSE
	EndGlobalSection
	GlobalSection(ExtensibilityGlobals) = postSolution
		SolutionGuid = {8148876F-320F-4B3D-8A65-AA15B2529195}
	EndGlobalSection
EndGlobal
